// !$*UTF8*$!
{
	archiveVersion = 1;
	classes = {
	};
	objectVersion = 77;
	objects = {

/* Begin PBXContainerItemProxy section */
		B876B7792EE402C4005EB123 /* PBXContainerItemProxy */ = {
			isa = PBXContainerItemProxy;
			containerPortal = B876B75A2EE402C1005EB123 /* Project object */;
			proxyType = 1;
			remoteGlobalIDString = B876B7612EE402C1005EB123;
			remoteInfo = Pentago;
		};
		B876B7832EE402C4005EB123 /* PBXContainerItemProxy */ = {
			isa = PBXContainerItemProxy;
			containerPortal = B876B75A2EE402C1005EB123 /* Project object */;
			proxyType = 1;
			remoteGlobalIDString = B876B7612EE402C1005EB123;
			remoteInfo = Pentago;
		};
/* End PBXContainerItemProxy section */

/* Begin PBXFileReference section */
		B876B7622EE402C1005EB123 /* Pentago.app */ = {isa = PBXFileReference; explicitFileType = wrapper.application; includeInIndex = 0; path = Pentago.app; sourceTree = BUILT_PRODUCTS_DIR; };
		B876B7782EE402C4005EB123 /* PentagoTests.xctest */ = {isa = PBXFileReference; explicitFileType = wrapper.cfbundle; includeInIndex = 0; path = PentagoTests.xctest; sourceTree = BUILT_PRODUCTS_DIR; };
		B876B7822EE402C4005EB123 /* PentagoUITests.xctest */ = {isa = PBXFileReference; explicitFileType = wrapper.cfbundle; includeInIndex = 0; path = PentagoUITests.xctest; sourceTree = BUILT_PRODUCTS_DIR; };
/* End PBXFileReference section */

/* Begin PBXFileSystemSynchronizedBuildFileExceptionSet section */
		B876B78A2EE402C4005EB123 /* Exceptions for "Pentago" folder in "Pentago" target */ = {
			isa = PBXFileSystemSynchronizedBuildFileExceptionSet;
			membershipExceptions = (
				Info.plist,
			);
			target = B876B7612EE402C1005EB123 /* Pentago */;
		};
/* End PBXFileSystemSynchronizedBuildFileExceptionSet section */

/* Begin PBXFileSystemSynchronizedRootGroup section */
		B876B7642EE402C1005EB123 /* Pentago */ = {
			isa = PBXFileSystemSynchronizedRootGroup;
			exceptions = (
				B876B78A2EE402C4005EB123 /* Exceptions for "Pentago" folder in "Pentago" target */,
			);
			path = Pentago;
			sourceTree = "<group>";
		};
		B876B77B2EE402C4005EB123 /* PentagoTests */ = {
			isa = PBXFileSystemSynchronizedRootGroup;
			path = PentagoTests;
			sourceTree = "<group>";
		};
		B876B7852EE402C4005EB123 /* PentagoUITests */ = {
			isa = PBXFileSystemSynchronizedRootGroup;
			path = PentagoUITests;
			sourceTree = "<group>";
		};
/* End PBXFileSystemSynchronizedRootGroup section */

/* Begin PBXFrameworksBuildPhase section */
		B876B75F2EE402C1005EB123 /* Frameworks */ = {
			isa = PBXFrameworksBuildPhase;
			buildActionMask = 2147483647;
			files = (
			);
			runOnlyForDeploymentPostprocessing = 0;
		};
		B876B7752EE402C4005EB123 /* Frameworks */ = {
			isa = PBXFrameworksBuildPhase;
			buildActionMask = 2147483647;
			files = (
			);
			runOnlyForDeploymentPostprocessing = 0;
		};
		B876B77F2EE402C4005EB123 /* Frameworks */ = {
			isa = PBXFrameworksBuildPhase;
			buildActionMask = 2147483647;
			files = (
			);
			runOnlyForDeploymentPostprocessing = 0;
		};
/* End PBXFrameworksBuildPhase section */

/* Begin PBXGroup section */
		B876B7592EE402C1005EB123 = {
			isa = PBXGroup;
			children = (
				B876B7642EE402C1005EB123 /* Pentago */,
				B876B77B2EE402C4005EB123 /* PentagoTests */,
				B876B7852EE402C4005EB123 /* PentagoUITests */,
				B876B7632EE402C1005EB123 /* Products */,
			);
			sourceTree = "<group>";
		};
		B876B7632EE402C1005EB123 /* Products */ = {
			isa = PBXGroup;
			children = (
				B876B7622EE402C1005EB123 /* Pentago.app */,
				B876B7782EE402C4005EB123 /* PentagoTests.xctest */,
				B876B7822EE402C4005EB123 /* PentagoUITests.xctest */,
			);
			name = Products;
			sourceTree = "<group>";
		};
/* End PBXGroup section */

/* Begin PBXNativeTarget section */
		B876B7612EE402C1005EB123 /* Pentago */ = {
			isa = PBXNativeTarget;
			buildConfigurationList = B876B78B2EE402C4005EB123 /* Build configuration list for PBXNativeTarget "Pentago" */;
			buildPhases = (
				B876B75E2EE402C1005EB123 /* Sources */,
				B876B75F2EE402C1005EB123 /* Frameworks */,
				B876B7602EE402C1005EB123 /* Resources */,
			);
			buildRules = (
			);
			dependencies = (
			);
			fileSystemSynchronizedGroups = (
				B876B7642EE402C1005EB123 /* Pentago */,
			);
			name = Pentago;
			packageProductDependencies = (
			);
			productName = Pentago;
			productReference = B876B7622EE402C1005EB123 /* Pentago.app */;
			productType = "com.apple.product-type.application";
		};
		B876B7772EE402C4005EB123 /* PentagoTests */ = {
			isa = PBXNativeTarget;
			buildConfigurationList = B876B7902EE402C4005EB123 /* Build configuration list for PBXNativeTarget "PentagoTests" */;
			buildPhases = (
				B876B7742EE402C4005EB123 /* Sources */,
				B876B7752EE402C4005EB123 /* Frameworks */,
				B876B7762EE402C4005EB123 /* Resources */,
			);
			buildRules = (
			);
			dependencies = (
				B876B77A2EE402C4005EB123 /* PBXTargetDependency */,
			);
			fileSystemSynchronizedGroups = (
				B876B77B2EE402C4005EB123 /* PentagoTests */,
			);
			name = PentagoTests;
			packageProductDependencies = (
			);
			productName = PentagoTests;
			productReference = B876B7782EE402C4005EB123 /* PentagoTests.xctest */;
			productType = "com.apple.product-type.bundle.unit-test";
		};
		B876B7812EE402C4005EB123 /* PentagoUITests */ = {
			isa = PBXNativeTarget;
			buildConfigurationList = B876B7932EE402C4005EB123 /* Build configuration list for PBXNativeTarget "PentagoUITests" */;
			buildPhases = (
				B876B77E2EE402C4005EB123 /* Sources */,
				B876B77F2EE402C4005EB123 /* Frameworks */,
				B876B7802EE402C4005EB123 /* Resources */,
			);
			buildRules = (
			);
			dependencies = (
				B876B7842EE402C4005EB123 /* PBXTargetDependency */,
			);
			fileSystemSynchronizedGroups = (
				B876B7852EE402C4005EB123 /* PentagoUITests */,
			);
			name = PentagoUITests;
			packageProductDependencies = (
			);
			productName = PentagoUITests;
			productReference = B876B7822EE402C4005EB123 /* PentagoUITests.xctest */;
			productType = "com.apple.product-type.bundle.ui-testing";
		};
/* End PBXNativeTarget section */

/* Begin PBXProject section */
		B876B75A2EE402C1005EB123 /* Project object */ = {
			isa = PBXProject;
			attributes = {
				BuildIndependentTargetsInParallel = 1;
				LastSwiftUpdateCheck = 1620;
				LastUpgradeCheck = 1620;
				TargetAttributes = {
					B876B7612EE402C1005EB123 = {
						CreatedOnToolsVersion = 16.2;
					};
					B876B7772EE402C4005EB123 = {
						CreatedOnToolsVersion = 16.2;
						TestTargetID = B876B7612EE402C1005EB123;
					};
					B876B7812EE402C4005EB123 = {
						CreatedOnToolsVersion = 16.2;
						TestTargetID = B876B7612EE402C1005EB123;
					};
				};
			};
			buildConfigurationList = B876B75D2EE402C1005EB123 /* Build configuration list for PBXProject "Pentago" */;
			developmentRegion = en;
			hasScannedForEncodings = 0;
			knownRegions = (
				en,
				Base,
			);
			mainGroup = B876B7592EE402C1005EB123;
			minimizedProjectReferenceProxies = 1;
			preferredProjectObjectVersion = 77;
			productRefGroup = B876B7632EE402C1005EB123 /* Products */;
			projectDirPath = "";
			projectRoot = "";
			targets = (
				B876B7612EE402C1005EB123 /* Pentago */,
				B876B7772EE402C4005EB123 /* PentagoTests */,
				B876B7812EE402C4005EB123 /* PentagoUITests */,
			);
		};
/* End PBXProject section */

/* Begin PBXResourcesBuildPhase section */
		B876B7602EE402C1005EB123 /* Resources */ = {
			isa = PBXResourcesBuildPhase;
			buildActionMask = 2147483647;
			files = (
			);
			runOnlyForDeploymentPostprocessing = 0;
		};
		B876B7762EE402C4005EB123 /* Resources */ = {
			isa = PBXResourcesBuildPhase;
			buildActionMask = 2147483647;
			files = (
			);
			runOnlyForDeploymentPostprocessing = 0;
		};
		B876B7802EE402C4005EB123 /* Resources */ = {
			isa = PBXResourcesBuildPhase;
			buildActionMask = 2147483647;
			files = (
			);
			runOnlyForDeploymentPostprocessing = 0;
		};
/* End PBXResourcesBuildPhase section */

/* Begin PBXSourcesBuildPhase section */
		B876B75E2EE402C1005EB123 /* Sources */ = {
			isa = PBXSourcesBuildPhase;
			buildActionMask = 2147483647;
			files = (
			);
			runOnlyForDeploymentPostprocessing = 0;
		};
		B876B7742EE402C4005EB123 /* Sources */ = {
			isa = PBXSourcesBuildPhase;
			buildActionMask = 2147483647;
			files = (
			);
			runOnlyForDeploymentPostprocessing = 0;
		};
		B876B77E2EE402C4005EB123 /* Sources */ = {
			isa = PBXSourcesBuildPhase;
			buildActionMask = 2147483647;
			files = (
			);
			runOnlyForDeploymentPostprocessing = 0;
		};
/* End PBXSourcesBuildPhase section */

/* Begin PBXTargetDependency section */
		B876B77A2EE402C4005EB123 /* PBXTargetDependency */ = {
			isa = PBXTargetDependency;
			target = B876B7612EE402C1005EB123 /* Pentago */;
			targetProxy = B876B7792EE402C4005EB123 /* PBXContainerItemProxy */;
		};
		B876B7842EE402C4005EB123 /* PBXTargetDependency */ = {
			isa = PBXTargetDependency;
			target = B876B7612EE402C1005EB123 /* Pentago */;
			targetProxy = B876B7832EE402C4005EB123 /* PBXContainerItemProxy */;
		};
/* End PBXTargetDependency section */

/* Begin XCBuildConfiguration section */
		B876B78C2EE402C4005EB123 /* Debug */ = {
			isa = XCBuildConfiguration;
			buildSettings = {
				ASSETCATALOG_COMPILER_APPICON_NAME = AppIcon;
				ASSETCATALOG_COMPILER_GLOBAL_ACCENT_COLOR_NAME = AccentColor;
				CODE_SIGN_STYLE = Automatic;
				CURRENT_PROJECT_VERSION = 1;
				DEVELOPMENT_TEAM = JTJDF2939N;
				GENERATE_INFOPLIST_FILE = YES;
				INFOPLIST_FILE = Pentago/Info.plist;
				INFOPLIST_KEY_UIApplicationSupportsIndirectInputEvents = YES;
				INFOPLIST_KEY_UILaunchStoryboardName = LaunchScreen;
				INFOPLIST_KEY_UIMainStoryboardFile = Main;
				INFOPLIST_KEY_UISupportedInterfaceOrientations_iPad = "UIInterfaceOrientationPortrait UIInterfaceOrientationPortraitUpsideDown UIInterfaceOrientationLandscapeLeft UIInterfaceOrientationLandscapeRight";
				INFOPLIST_KEY_UISupportedInterfaceOrientations_iPhone = "UIInterfaceOrientationPortrait UIInterfaceOrientationLandscapeLeft UIInterfaceOrientationLandscapeRight";
				LD_RUNPATH_SEARCH_PATHS = (
					"$(inherited)",
					"@executable_path/Frameworks",
				);
				MARKETING_VERSION = 1.0;
				PRODUCT_BUNDLE_IDENTIFIER = com.project.personal.Pentago;
				PRODUCT_NAME = "$(TARGET_NAME)";
				SWIFT_EMIT_LOC_STRINGS = YES;
				SWIFT_VERSION = 5.0;
				TARGETED_DEVICE_FAMILY = "1,2";
			};
			name = Debug;
		};
		B876B78D2EE402C4005EB123 /* Release */ = {
			isa = XCBuildConfiguration;
			buildSettings = {
				ASSETCATALOG_COMPILER_APPICON_NAME = AppIcon;
				ASSETCATALOG_COMPILER_GLOBAL_ACCENT_COLOR_NAME = AccentColor;
				CODE_SIGN_STYLE = Automatic;
				CURRENT_PROJECT_VERSION = 1;
				DEVELOPMENT_TEAM = JTJDF2939N;
				GENERATE_INFOPLIST_FILE = YES;
				INFOPLIST_FILE = Pentago/Info.plist;
				INFOPLIST_KEY_UIApplicationSupportsIndirectInputEvents = YES;
				INFOPLIST_KEY_UILaunchStoryboardName = LaunchScreen;
				INFOPLIST_KEY_UIMainStoryboardFile = Main;
				INFOPLIST_KEY_UISupportedInterfaceOrientations_iPad = "UIInterfaceOrientationPortrait UIInterfaceOrientationPortraitUpsideDown UIInterfaceOrientationLandscapeLeft UIInterfaceOrientationLandscapeRight";
				INFOPLIST_KEY_UISupportedInterfaceOrientations_iPhone = "UIInterfaceOrientationPortrait UIInterfaceOrientationLandscapeLeft UIInterfaceOrientationLandscapeRight";
				LD_RUNPATH_SEARCH_PATHS = (
					"$(inherited)",
					"@executable_path/Frameworks",
				);
				MARKETING_VERSION = 1.0;
				PRODUCT_BUNDLE_IDENTIFIER = com.project.personal.Pentago;
				PRODUCT_NAME = "$(TARGET_NAME)";
				SWIFT_EMIT_LOC_STRINGS = YES;
				SWIFT_VERSION = 5.0;
				TARGETED_DEVICE_FAMILY = "1,2";
			};
			name = Release;
		};
		B876B78E2EE402C4005EB123 /* Debug */ = {
			isa = XCBuildConfiguration;
			buildSettings = {
				ALWAYS_SEARCH_USER_PATHS = NO;
				ASSETCATALOG_COMPILER_GENERATE_SWIFT_ASSET_SYMBOL_EXTENSIONS = YES;
				CLANG_ANALYZER_NONNULL = YES;
				CLANG_ANALYZER_NUMBER_OBJECT_CONVERSION = YES_AGGRESSIVE;
				CLANG_CXX_LANGUAGE_STANDARD = "gnu++20";
				CLANG_ENABLE_MODULES = YES;
				CLANG_ENABLE_OBJC_ARC = YES;
				CLANG_ENABLE_OBJC_WEAK = YES;
				CLANG_WARN_BLOCK_CAPTURE_AUTORELEASING = YES;
				CLANG_WARN_BOOL_CONVERSION = YES;
				CLANG_WARN_COMMA = YES;
				CLANG_WARN_CONSTANT_CONVERSION = YES;
				CLANG_WARN_DEPRECATED_OBJC_IMPLEMENTATIONS = YES;
				CLANG_WARN_DIRECT_OBJC_ISA_USAGE = YES_ERROR;
				CLANG_WARN_DOCUMENTATION_COMMENTS = YES;
				CLANG_WARN_EMPTY_BODY = YES;
				CLANG_WARN_ENUM_CONVERSION = YES;
				CLANG_WARN_INFINITE_RECURSION = YES;
				CLANG_WARN_INT_CONVERSION = YES;
				CLANG_WARN_NON_LITERAL_NULL_CONVERSION = YES;
				CLANG_WARN_OBJC_IMPLICIT_RETAIN_SELF = YES;
				CLANG_WARN_OBJC_LITERAL_CONVERSION = YES;
				CLANG_WARN_OBJC_ROOT_CLASS = YES_ERROR;
				CLANG_WARN_QUOTED_INCLUDE_IN_FRAMEWORK_HEADER = YES;
				CLANG_WARN_RANGE_LOOP_ANALYSIS = YES;
				CLANG_WARN_STRICT_PROTOTYPES = YES;
				CLANG_WARN_SUSPICIOUS_MOVE = YES;
				CLANG_WARN_UNGUARDED_AVAILABILITY = YES_AGGRESSIVE;
				CLANG_WARN_UNREACHABLE_CODE = YES;
				CLANG_WARN__DUPLICATE_METHOD_MATCH = YES;
				COPY_PHASE_STRIP = NO;
				DEBUG_INFORMATION_FORMAT = dwarf;
				ENABLE_STRICT_OBJC_MSGSEND = YES;
				ENABLE_TESTABILITY = YES;
				ENABLE_USER_SCRIPT_SANDBOXING = YES;
				GCC_C_LANGUAGE_STANDARD = gnu17;
				GCC_DYNAMIC_NO_PIC = NO;
				GCC_NO_COMMON_BLOCKS = YES;
				GCC_OPTIMIZATION_LEVEL = 0;
				GCC_PREPROCESSOR_DEFINITIONS = (
					"DEBUG=1",
					"$(inherited)",
				);
				GCC_WARN_64_TO_32_BIT_CONVERSION = YES;
				GCC_WARN_ABOUT_RETURN_TYPE = YES_ERROR;
				GCC_WARN_UNDECLARED_SELECTOR = YES;
				GCC_WARN_UNINITIALIZED_AUTOS = YES_AGGRESSIVE;
				GCC_WARN_UNUSED_FUNCTION = YES;
				GCC_WARN_UNUSED_VARIABLE = YES;
				IPHONEOS_DEPLOYMENT_TARGET = 18.2;
				LOCALIZATION_PREFERS_STRING_CATALOGS = YES;
				MTL_ENABLE_DEBUG_INFO = INCLUDE_SOURCE;
				MTL_FAST_MATH = YES;
				ONLY_ACTIVE_ARCH = YES;
				SDKROOT = iphoneos;
				SWIFT_ACTIVE_COMPILATION_CONDITIONS = "DEBUG $(inherited)";
				SWIFT_OPTIMIZATION_LEVEL = "-Onone";
			};
			name = Debug;
		};
		B876B78F2EE402C4005EB123 /* Release */ = {
			isa = XCBuildConfiguration;
			buildSettings = {
				ALWAYS_SEARCH_USER_PATHS = NO;
				ASSETCATALOG_COMPILER_GENERATE_SWIFT_ASSET_SYMBOL_EXTENSIONS = YES;
				CLANG_ANALYZER_NONNULL = YES;
				CLANG_ANALYZER_NUMBER_OBJECT_CONVERSION = YES_AGGRESSIVE;
				CLANG_CXX_LANGUAGE_STANDARD = "gnu++20";
				CLANG_ENABLE_MODULES = YES;
				CLANG_ENABLE_OBJC_ARC = YES;
				CLANG_ENABLE_OBJC_WEAK = YES;
				CLANG_WARN_BLOCK_CAPTURE_AUTORELEASING = YES;
				CLANG_WARN_BOOL_CONVERSION = YES;
				CLANG_WARN_COMMA = YES;
				CLANG_WARN_CONSTANT_CONVERSION = YES;
				CLANG_WARN_DEPRECATED_OBJC_IMPLEMENTATIONS = YES;
				CLANG_WARN_DIRECT_OBJC_ISA_USAGE = YES_ERROR;
				CLANG_WARN_DOCUMENTATION_COMMENTS = YES;
				CLANG_WARN_EMPTY_BODY = YES;
				CLANG_WARN_ENUM_CONVERSION = YES;
				CLANG_WARN_INFINITE_RECURSION = YES;
				CLANG_WARN_INT_CONVERSION = YES;
				CLANG_WARN_NON_LITERAL_NULL_CONVERSION = YES;
				CLANG_WARN_OBJC_IMPLICIT_RETAIN_SELF = YES;
				CLANG_WARN_OBJC_LITERAL_CONVERSION = YES;
				CLANG_WARN_OBJC_ROOT_CLASS = YES_ERROR;
				CLANG_WARN_QUOTED_INCLUDE_IN_FRAMEWORK_HEADER = YES;
				CLANG_WARN_RANGE_LOOP_ANALYSIS = YES;
				CLANG_WARN_STRICT_PROTOTYPES = YES;
				CLANG_WARN_SUSPICIOUS_MOVE = YES;
				CLANG_WARN_UNGUARDED_AVAILABILITY = YES_AGGRESSIVE;
				CLANG_WARN_UNREACHABLE_CODE = YES;
				CLANG_WARN__DUPLICATE_METHOD_MATCH = YES;
				COPY_PHASE_STRIP = NO;
				DEBUG_INFORMATION_FORMAT = "dwarf-with-dsym";
				ENABLE_NS_ASSERTIONS = NO;
				ENABLE_STRICT_OBJC_MSGSEND = YES;
				ENABLE_USER_SCRIPT_SANDBOXING = YES;
				GCC_C_LANGUAGE_STANDARD = gnu17;
				GCC_NO_COMMON_BLOCKS = YES;
				GCC_WARN_64_TO_32_BIT_CONVERSION = YES;
				GCC_WARN_ABOUT_RETURN_TYPE = YES_ERROR;
				GCC_WARN_UNDECLARED_SELECTOR = YES;
				GCC_WARN_UNINITIALIZED_AUTOS = YES_AGGRESSIVE;
				GCC_WARN_UNUSED_FUNCTION = YES;
				GCC_WARN_UNUSED_VARIABLE = YES;
				IPHONEOS_DEPLOYMENT_TARGET = 18.2;
				LOCALIZATION_PREFERS_STRING_CATALOGS = YES;
				MTL_ENABLE_DEBUG_INFO = NO;
				MTL_FAST_MATH = YES;
				SDKROOT = iphoneos;
				SWIFT_COMPILATION_MODE = wholemodule;
				VALIDATE_PRODUCT = YES;
			};
			name = Release;
		};
		B876B7912EE402C4005EB123 /* Debug */ = {
			isa = XCBuildConfiguration;
			buildSettings = {
				BUNDLE_LOADER = "$(TEST_HOST)";
				CODE_SIGN_STYLE = Automatic;
				CURRENT_PROJECT_VERSION = 1;
				DEVELOPMENT_TEAM = JTJDF2939N;
				GENERATE_INFOPLIST_FILE = YES;
				IPHONEOS_DEPLOYMENT_TARGET = 18.2;
				MARKETING_VERSION = 1.0;
				PRODUCT_BUNDLE_IDENTIFIER = com.project.personal.PentagoTests;
				PRODUCT_NAME = "$(TARGET_NAME)";
				SWIFT_EMIT_LOC_STRINGS = NO;
				SWIFT_VERSION = 5.0;
				TARGETED_DEVICE_FAMILY = "1,2";
				TEST_HOST = "$(BUILT_PRODUCTS_DIR)/Pentago.app/$(BUNDLE_EXECUTABLE_FOLDER_PATH)/Pentago";
			};
			name = Debug;
		};
		B876B7922EE402C4005EB123 /* Release */ = {
			isa = XCBuildConfiguration;
			buildSettings = {
				BUNDLE_LOADER = "$(TEST_HOST)";
				CODE_SIGN_STYLE = Automatic;
				CURRENT_PROJECT_VERSION = 1;
				DEVELOPMENT_TEAM = JTJDF2939N;
				GENERATE_INFOPLIST_FILE = YES;
				IPHONEOS_DEPLOYMENT_TARGET = 18.2;
				MARKETING_VERSION = 1.0;
				PRODUCT_BUNDLE_IDENTIFIER = com.project.personal.PentagoTests;
				PRODUCT_NAME = "$(TARGET_NAME)";
				SWIFT_EMIT_LOC_STRINGS = NO;
				SWIFT_VERSION = 5.0;
				TARGETED_DEVICE_FAMILY = "1,2";
				TEST_HOST = "$(BUILT_PRODUCTS_DIR)/Pentago.app/$(BUNDLE_EXECUTABLE_FOLDER_PATH)/Pentago";
			};
			name = Release;
		};
		B876B7942EE402C4005EB123 /* Debug */ = {
			isa = XCBuildConfiguration;
			buildSettings = {
				CODE_SIGN_STYLE = Automatic;
				CURRENT_PROJECT_VERSION = 1;
				DEVELOPMENT_TEAM = JTJDF2939N;
				GENERATE_INFOPLIST_FILE = YES;
				MARKETING_VERSION = 1.0;
				PRODUCT_BUNDLE_IDENTIFIER = com.project.personal.PentagoUITests;
				PRODUCT_NAME = "$(TARGET_NAME)";
				SWIFT_EMIT_LOC_STRINGS = NO;
				SWIFT_VERSION = 5.0;
				TARGETED_DEVICE_FAMILY = "1,2";
				TEST_TARGET_NAME = Pentago;
			};
			name = Debug;
		};
		B876B7952EE402C4005EB123 /* Release */ = {
			isa = XCBuildConfiguration;
			buildSettings = {
				CODE_SIGN_STYLE = Automatic;
				CURRENT_PROJECT_VERSION = 1;
				DEVELOPMENT_TEAM = JTJDF2939N;
				GENERATE_INFOPLIST_FILE = YES;
				MARKETING_VERSION = 1.0;
				PRODUCT_BUNDLE_IDENTIFIER = com.project.personal.PentagoUITests;
				PRODUCT_NAME = "$(TARGET_NAME)";
				SWIFT_EMIT_LOC_STRINGS = NO;
				SWIFT_VERSION = 5.0;
				TARGETED_DEVICE_FAMILY = "1,2";
				TEST_TARGET_NAME = Pentago;
			};
			name = Release;
		};
/* End XCBuildConfiguration section */

/* Begin XCConfigurationList section */
		B876B75D2EE402C1005EB123 /* Build configuration list for PBXProject "Pentago" */ = {
			isa = XCConfigurationList;
			buildConfigurations = (
				B876B78E2EE402C4005EB123 /* Debug */,
				B876B78F2EE402C4005EB123 /* Release */,
			);
			defaultConfigurationIsVisible = 0;
			defaultConfigurationName = Release;
		};
		B876B78B2EE402C4005EB123 /* Build configuration list for PBXNativeTarget "Pentago" */ = {
			isa = XCConfigurationList;
			buildConfigurations = (
				B876B78C2EE402C4005EB123 /* Debug */,
				B876B78D2EE402C4005EB123 /* Release */,
			);
			defaultConfigurationIsVisible = 0;
			defaultConfigurationName = Release;
		};
		B876B7902EE402C4005EB123 /* Build configuration list for PBXNativeTarget "PentagoTests" */ = {
			isa = XCConfigurationList;
			buildConfigurations = (
				B876B7912EE402C4005EB123 /* Debug */,
				B876B7922EE402C4005EB123 /* Release */,
			);
			defaultConfigurationIsVisible = 0;
			defaultConfigurationName = Release;
		};
		B876B7932EE402C4005EB123 /* Build configuration list for PBXNativeTarget "PentagoUITests" */ = {
			isa = XCConfigurationList;
			buildConfigurations = (
				B876B7942EE402C4005EB123 /* Debug */,
				B876B7952EE402C4005EB123 /* Release */,
			);
			defaultConfigurationIsVisible = 0;
			defaultConfigurationName = Release;
		};
/* End XCConfigurationList section */
	};
	rootObject = B876B75A2EE402C1005EB123 /* Project object */;
}
